<?xml version="1.0" encoding="utf-8"?>
<Project ToolsVersion="4.0" xmlns="http://schemas.microsoft.com/developer/msbuild/2003">
  <ItemGroup>
    <Filter Include="Source Files">
      <UniqueIdentifier>{4FC737F1-C7A5-4376-A066-2A32D752A2FF}</UniqueIdentifier>
      <Extensions>cpp;c;cc;cxx;c++;cppm;ixx;def;odl;idl;hpj;bat;asm;asmx</Extensions>
    </Filter>
    <Filter Include="Resource Files">
      <UniqueIdentifier>{67DA6AB6-F800-4c08-8B7A-83BB121AAD01}</UniqueIdentifier>
      <Extensions>rc;ico;cur;bmp;dlg;rc2;rct;bin;rgs;gif;jpg;jpeg;jpe;resx;tiff;tif;png;wav;mfcribbon-ms</Extensions>
    </Filter>
    <Filter Include="Source Files\Scene">
      <UniqueIdentifier>{b208759f-7e20-49a1-91a0-2cbad4117edf}</UniqueIdentifier>
    </Filter>
    <Filter Include="Source Files\Scene\Base">
      <UniqueIdentifier>{e589672a-55b3-40c7-8c83-9a972fd8a947}</UniqueIdentifier>
    </Filter>
    <Filter Include="Source Files\Scene\Concrete Scenes">
      <UniqueIdentifier>{62aaa189-e859-4c05-879c-02f33a7a776f}</UniqueIdentifier>
    </Filter>
    <Filter Include="Source Files\GameObj">
      <UniqueIdentifier>{9780838e-ea8c-45ff-8f52-c71cada44b7d}</UniqueIdentifier>
    </Filter>
    <Filter Include="Source Files\ObjControllers">
      <UniqueIdentifier>{e969f2cd-ac60-4755-bcbe-73cb7c8a8f8b}</UniqueIdentifier>
    </Filter>
    <Filter Include="Source Files\ObjControllers\Player">
      <UniqueIdentifier>{6c045469-dcb4-45f2-968b-7ae4e922b955}</UniqueIdentifier>
    </Filter>
    <Filter Include="Source Files\ObjControllers\Player\Concrete States">
      <UniqueIdentifier>{b67493a5-40d2-4d57-bf86-64879fa3e39b}</UniqueIdentifier>
    </Filter>
    <Filter Include="Source Files\ObjControllers\Player\Enum">
      <UniqueIdentifier>{18b25780-249e-44e5-96b3-53b3ee3e8e5a}</UniqueIdentifier>
    </Filter>
    <Filter Include="Source Files\ObjControllers\Player\PlayerControllerBase">
      <UniqueIdentifier>{6c335aa7-7598-45b3-b244-a47c295b171d}</UniqueIdentifier>
    </Filter>
    <Filter Include="Source Files\ObjControllers\Base">
      <UniqueIdentifier>{e267ff07-237a-4651-96b4-8a4f1d11ab29}</UniqueIdentifier>
    </Filter>
  </ItemGroup>
  <ItemGroup>
    <ClCompile Include="main.cpp">
      <Filter>Source Files</Filter>
    </ClCompile>
  </ItemGroup>
  <ItemGroup>
    <ClInclude Include="olcPixelGameEngine.h">
      <Filter>Source Files</Filter>
    </ClInclude>
    <ClInclude Include="Game.h">
      <Filter>Source Files</Filter>
    </ClInclude>
    <ClInclude Include="DecalLoader.h">
      <Filter>Source Files</Filter>
    </ClInclude>
    <ClInclude Include="Input.h">
      <Filter>Source Files</Filter>
    </ClInclude>
    <ClInclude Include="PlayerGameStart.h">
      <Filter>Source Files\ObjControllers\Player\Concrete States</Filter>
    </ClInclude>
    <ClInclude Include="PlayerIdle.h">
      <Filter>Source Files\ObjControllers\Player\Concrete States</Filter>
    </ClInclude>
    <ClInclude Include="PlayerStateType.h">
      <Filter>Source Files\ObjControllers\Player\Enum</Filter>
    </ClInclude>
    <ClInclude Include="PlayerMoveLeft.h">
      <Filter>Source Files\ObjControllers\Player\Concrete States</Filter>
    </ClInclude>
    <ClInclude Include="PlayerMoveRight.h">
      <Filter>Source Files\ObjControllers\Player\Concrete States</Filter>
    </ClInclude>
    <ClInclude Include="SceneController.h">
      <Filter>Source Files\Scene\Base</Filter>
    </ClInclude>
    <ClInclude Include="GameScene.h">
      <Filter>Source Files\Scene\Concrete Scenes</Filter>
    </ClInclude>
    <ClInclude Include="Scene.h">
      <Filter>Source Files\Scene\Base</Filter>
    </ClInclude>
    <ClInclude Include="PlayerController.h">
      <Filter>Source Files\ObjControllers\Player\PlayerControllerBase</Filter>
    </ClInclude>
    <ClInclude Include="PlayerState.h">
      <Filter>Source Files\ObjControllers\Player\PlayerControllerBase</Filter>
    </ClInclude>
    <ClInclude Include="GameObj.h">
      <Filter>Source Files\GameObj</Filter>
    </ClInclude>
    <ClInclude Include="UpdateData.h">
      <Filter>Source Files\GameObj</Filter>
    </ClInclude>
    <ClInclude Include="GameObjList.h">
      <Filter>Source Files\GameObj</Filter>
    </ClInclude>
    <ClInclude Include="ObjController.h">
      <Filter>Source Files\ObjControllers\Base</Filter>
    </ClInclude>
  </ItemGroup>
</Project>