<?xml version="1.0" encoding="utf-8"?>
<Project ToolsVersion="4.0" xmlns="http://schemas.microsoft.com/developer/msbuild/2003">
  <ItemGroup>
    <Filter Include="Source Files">
      <UniqueIdentifier>{4FC737F1-C7A5-4376-A066-2A32D752A2FF}</UniqueIdentifier>
      <Extensions>cpp;c;cc;cxx;c++;cppm;ixx;def;odl;idl;hpj;bat;asm;asmx</Extensions>
    </Filter>
    <Filter Include="Source Files\Scene">
      <UniqueIdentifier>{b208759f-7e20-49a1-91a0-2cbad4117edf}</UniqueIdentifier>
    </Filter>
    <Filter Include="Source Files\Scene\Base">
      <UniqueIdentifier>{e589672a-55b3-40c7-8c83-9a972fd8a947}</UniqueIdentifier>
    </Filter>
    <Filter Include="Source Files\Scene\Concrete Scenes">
      <UniqueIdentifier>{62aaa189-e859-4c05-879c-02f33a7a776f}</UniqueIdentifier>
    </Filter>
    <Filter Include="Source Files\GameObj">
      <UniqueIdentifier>{9780838e-ea8c-45ff-8f52-c71cada44b7d}</UniqueIdentifier>
    </Filter>
    <Filter Include="Source Files\DecalLoader">
      <UniqueIdentifier>{dc2ae99d-e6d1-4107-a520-cdf804b2d0e9}</UniqueIdentifier>
    </Filter>
    <Filter Include="Source Files\DecalLoader\Base">
      <UniqueIdentifier>{76fe0e98-f104-4caa-acd4-9d7b6d196392}</UniqueIdentifier>
    </Filter>
    <Filter Include="Source Files\GameObj\Info">
      <UniqueIdentifier>{292fb07c-a99d-409c-b1e7-78b3e1e6d7de}</UniqueIdentifier>
    </Filter>
    <Filter Include="Source Files\States">
      <UniqueIdentifier>{5403d326-2db2-4790-a15e-ea538c5a25b9}</UniqueIdentifier>
    </Filter>
    <Filter Include="Source Files\States\Concrete States">
      <UniqueIdentifier>{b67493a5-40d2-4d57-bf86-64879fa3e39b}</UniqueIdentifier>
    </Filter>
    <Filter Include="Source Files\States\Base">
      <UniqueIdentifier>{6c7b2d80-3a5d-4648-967e-704549274d72}</UniqueIdentifier>
    </Filter>
    <Filter Include="Source Files\DecalLoader\enums">
      <UniqueIdentifier>{9de2ba9c-7b15-4ab1-8662-48eaffb7d63d}</UniqueIdentifier>
    </Filter>
    <Filter Include="Source Files\Random">
      <UniqueIdentifier>{95b8caf3-d27f-4a99-b48f-2d39e3107fb0}</UniqueIdentifier>
    </Filter>
    <Filter Include="Source Files\DecalLoader\Concrete Paths">
      <UniqueIdentifier>{3cfb5554-6874-4b27-9d4a-acd3cd8ef9ad}</UniqueIdentifier>
    </Filter>
    <Filter Include="Source Files\States\Concrete States\UIElements">
      <UniqueIdentifier>{5bd6e923-234e-4bf9-b461-01da9e9f6f88}</UniqueIdentifier>
    </Filter>
    <Filter Include="Source Files\States\Concrete States\Player">
      <UniqueIdentifier>{6cef940d-eb15-4d1d-984f-821b892d5d16}</UniqueIdentifier>
    </Filter>
    <Filter Include="Source Files\States\Concrete States\Shit">
      <UniqueIdentifier>{64103534-9f4d-4669-8732-95c9431af579}</UniqueIdentifier>
    </Filter>
    <Filter Include="Source Files\SlowMotion">
      <UniqueIdentifier>{2d671088-933e-4be8-9988-c7ee3fc1cb1d}</UniqueIdentifier>
    </Filter>
    <Filter Include="Source Files\Renderer">
      <UniqueIdentifier>{2c771001-1e22-419e-82a8-8f47a89b7f82}</UniqueIdentifier>
    </Filter>
    <Filter Include="Source Files\StateController">
      <UniqueIdentifier>{e969f2cd-ac60-4755-bcbe-73cb7c8a8f8b}</UniqueIdentifier>
    </Filter>
    <Filter Include="Source Files\StateController\Base">
      <UniqueIdentifier>{e267ff07-237a-4651-96b4-8a4f1d11ab29}</UniqueIdentifier>
    </Filter>
    <Filter Include="Source Files\StateController\ConcreteControllers">
      <UniqueIdentifier>{e75bbac3-9872-4c8a-979f-968efed4cccf}</UniqueIdentifier>
    </Filter>
  </ItemGroup>
  <ItemGroup>
    <ClCompile Include="main.cpp">
      <Filter>Source Files</Filter>
    </ClCompile>
  </ItemGroup>
  <ItemGroup>
    <ClInclude Include="olcPixelGameEngine.h">
      <Filter>Source Files</Filter>
    </ClInclude>
    <ClInclude Include="Game.h">
      <Filter>Source Files</Filter>
    </ClInclude>
    <ClInclude Include="Input.h">
      <Filter>Source Files</Filter>
    </ClInclude>
    <ClInclude Include="SceneController.h">
      <Filter>Source Files\Scene\Base</Filter>
    </ClInclude>
    <ClInclude Include="GameScene.h">
      <Filter>Source Files\Scene\Concrete Scenes</Filter>
    </ClInclude>
    <ClInclude Include="Scene.h">
      <Filter>Source Files\Scene\Base</Filter>
    </ClInclude>
    <ClInclude Include="GameObj.h">
      <Filter>Source Files\GameObj</Filter>
    </ClInclude>
    <ClInclude Include="GameData.h">
      <Filter>Source Files</Filter>
    </ClInclude>
    <ClInclude Include="TitleScene.h">
      <Filter>Source Files\Scene\Concrete Scenes</Filter>
    </ClInclude>
    <ClInclude Include="ControllerType.h">
      <Filter>Source Files\StateController\Base</Filter>
    </ClInclude>
    <ClInclude Include="GameObjType.h">
      <Filter>Source Files\GameObj</Filter>
    </ClInclude>
    <ClInclude Include="PlayerController.h">
      <Filter>Source Files\StateController\ConcreteControllers</Filter>
    </ClInclude>
    <ClInclude Include="ObjData.h">
      <Filter>Source Files\GameObj\Info</Filter>
    </ClInclude>
    <ClInclude Include="ObjSpecs.h">
      <Filter>Source Files\GameObj\Info</Filter>
    </ClInclude>
    <ClInclude Include="State.h">
      <Filter>Source Files\States\Base</Filter>
    </ClInclude>
    <ClInclude Include="GameSpriteType.h">
      <Filter>Source Files\DecalLoader\enums</Filter>
    </ClInclude>
    <ClInclude Include="RandomInteger.h">
      <Filter>Source Files\Random</Filter>
    </ClInclude>
    <ClInclude Include="DecalLoader.h">
      <Filter>Source Files\DecalLoader\Base</Filter>
    </ClInclude>
    <ClInclude Include="TitleSpriteType.h">
      <Filter>Source Files\DecalLoader\enums</Filter>
    </ClInclude>
    <ClInclude Include="StateType.h">
      <Filter>Source Files\States\Base</Filter>
    </ClInclude>
    <ClInclude Include="AnimationData.h">
      <Filter>Source Files\States\Base</Filter>
    </ClInclude>
    <ClInclude Include="StateAnimation.h">
      <Filter>Source Files\States\Base</Filter>
    </ClInclude>
    <ClInclude Include="GameDecalPath.h">
      <Filter>Source Files\DecalLoader\Concrete Paths</Filter>
    </ClInclude>
    <ClInclude Include="TitleDecalPath.h">
      <Filter>Source Files\DecalLoader\Concrete Paths</Filter>
    </ClInclude>
    <ClInclude Include="DecalPath.h">
      <Filter>Source Files\DecalLoader\Base</Filter>
    </ClInclude>
    <ClInclude Include="OffsetType.h">
      <Filter>Source Files\GameObj\Info</Filter>
    </ClInclude>
    <ClInclude Include="DevSettings.h">
      <Filter>Source Files</Filter>
    </ClInclude>
    <ClInclude Include="ShitController.h">
      <Filter>Source Files\StateController\ConcreteControllers</Filter>
    </ClInclude>
    <ClInclude Include="UIElementController.h">
      <Filter>Source Files\StateController\ConcreteControllers</Filter>
    </ClInclude>
    <ClInclude Include="BackgroundIdle.h">
      <Filter>Source Files\States\Concrete States\UIElements</Filter>
    </ClInclude>
    <ClInclude Include="PlayerDummy.h">
      <Filter>Source Files\States\Concrete States\UIElements</Filter>
    </ClInclude>
    <ClInclude Include="TitleFlickerOff.h">
      <Filter>Source Files\States\Concrete States\UIElements</Filter>
    </ClInclude>
    <ClInclude Include="TitleFlickerOn.h">
      <Filter>Source Files\States\Concrete States\UIElements</Filter>
    </ClInclude>
    <ClInclude Include="TitleIdle.h">
      <Filter>Source Files\States\Concrete States\UIElements</Filter>
    </ClInclude>
    <ClInclude Include="TitleMoveDown.h">
      <Filter>Source Files\States\Concrete States\UIElements</Filter>
    </ClInclude>
    <ClInclude Include="TitleMoveUp.h">
      <Filter>Source Files\States\Concrete States\UIElements</Filter>
    </ClInclude>
    <ClInclude Include="PlayerDeath.h">
      <Filter>Source Files\States\Concrete States\Player</Filter>
    </ClInclude>
    <ClInclude Include="PlayerGameStart.h">
      <Filter>Source Files\States\Concrete States\Player</Filter>
    </ClInclude>
    <ClInclude Include="PlayerIdle.h">
      <Filter>Source Files\States\Concrete States\Player</Filter>
    </ClInclude>
    <ClInclude Include="PlayerMoveLeft.h">
      <Filter>Source Files\States\Concrete States\Player</Filter>
    </ClInclude>
    <ClInclude Include="PlayerMoveRight.h">
      <Filter>Source Files\States\Concrete States\Player</Filter>
    </ClInclude>
    <ClInclude Include="PlayerWhiteScreen.h">
      <Filter>Source Files\States\Concrete States\Player</Filter>
    </ClInclude>
    <ClInclude Include="ShitFall.h">
      <Filter>Source Files\States\Concrete States\Shit</Filter>
    </ClInclude>
    <ClInclude Include="ShitGenerator.h">
      <Filter>Source Files\States\Concrete States\Shit</Filter>
    </ClInclude>
    <ClInclude Include="ShitPosition.h">
      <Filter>Source Files\States\Concrete States\Shit</Filter>
    </ClInclude>
    <ClInclude Include="ShitSplash.h">
      <Filter>Source Files\States\Concrete States\Shit</Filter>
    </ClInclude>
    <ClInclude Include="GameObjList.h">
      <Filter>Source Files\GameObj</Filter>
    </ClInclude>
    <ClInclude Include="YesOrNo.h">
      <Filter>Source Files\States\Concrete States\UIElements</Filter>
    </ClInclude>
    <ClInclude Include="SlowUpdateMessage.h">
      <Filter>Source Files\SlowMotion</Filter>
    </ClInclude>
    <ClInclude Include="SlowUpdate.h">
      <Filter>Source Files\SlowMotion</Filter>
    </ClInclude>
    <ClInclude Include="SlowMotion.h">
      <Filter>Source Files\SlowMotion</Filter>
    </ClInclude>
    <ClInclude Include="Renderer.h">
      <Filter>Source Files\Renderer</Filter>
    </ClInclude>
    <ClInclude Include="SheetRenderer.h">
      <Filter>Source Files\Renderer</Filter>
    </ClInclude>
    <ClInclude Include="SceneType.h">
      <Filter>Source Files\Scene\Base</Filter>
    </ClInclude>
    <ClInclude Include="StateController.h">
      <Filter>Source Files\StateController\Base</Filter>
    </ClInclude>
    <ClInclude Include="StateCreator.h">
      <Filter>Source Files\StateController\Base</Filter>
    </ClInclude>
  </ItemGroup>
</Project>