<?xml version="1.0" encoding="utf-8"?>
<Project ToolsVersion="4.0" xmlns="http://schemas.microsoft.com/developer/msbuild/2003">
  <ItemGroup>
    <Filter Include="Source Files">
      <UniqueIdentifier>{4FC737F1-C7A5-4376-A066-2A32D752A2FF}</UniqueIdentifier>
      <Extensions>cpp;c;cc;cxx;c++;cppm;ixx;def;odl;idl;hpj;bat;asm;asmx</Extensions>
    </Filter>
    <Filter Include="Source Files\Main">
      <UniqueIdentifier>{39946810-7f74-4232-bc7f-3190389bb826}</UniqueIdentifier>
    </Filter>
    <Filter Include="Source Files\GridObject">
      <UniqueIdentifier>{c463a52c-61c4-411c-bf90-1e470fcf18a1}</UniqueIdentifier>
    </Filter>
    <Filter Include="Source Files\GridObject\Base">
      <UniqueIdentifier>{8cad0018-98f6-40d9-b182-76f7e68e63bf}</UniqueIdentifier>
    </Filter>
    <Filter Include="Source Files\Input">
      <UniqueIdentifier>{9b44f164-31db-433a-8fb7-13fd88c996fe}</UniqueIdentifier>
    </Filter>
    <Filter Include="Source Files\Renderer">
      <UniqueIdentifier>{f055f157-d7e5-4b99-8cfb-0f89559a48f7}</UniqueIdentifier>
    </Filter>
    <Filter Include="Source Files\Vec">
      <UniqueIdentifier>{6316f8b8-13d7-453c-ae1d-a4685c6df529}</UniqueIdentifier>
    </Filter>
    <Filter Include="Source Files\Scene">
      <UniqueIdentifier>{68505856-0d0c-41c2-8273-d5f62ff78cd2}</UniqueIdentifier>
    </Filter>
    <Filter Include="Source Files\GridObject\Implementation">
      <UniqueIdentifier>{bcc14ad5-9aea-48e5-8f96-b9763139dc79}</UniqueIdentifier>
    </Filter>
  </ItemGroup>
  <ItemGroup>
    <ClInclude Include="GridObject.h">
      <Filter>Source Files\GridObject\Base</Filter>
    </ClInclude>
    <ClInclude Include="GridObjectType.h">
      <Filter>Source Files\GridObject\Base</Filter>
    </ClInclude>
    <ClInclude Include="Item.h">
      <Filter>Source Files\GridObject\Implementation</Filter>
    </ClInclude>
    <ClInclude Include="Player.h">
      <Filter>Source Files\GridObject\Implementation</Filter>
    </ClInclude>
    <ClInclude Include="PlayerInput.h">
      <Filter>Source Files\Input</Filter>
    </ClInclude>
    <ClInclude Include="Renderer.h">
      <Filter>Source Files\Renderer</Filter>
    </ClInclude>
    <ClInclude Include="Vec2.h">
      <Filter>Source Files\Vec</Filter>
    </ClInclude>
    <ClInclude Include="Grid.h">
      <Filter>Source Files\Scene</Filter>
    </ClInclude>
    <ClInclude Include="ObjCreator.h">
      <Filter>Source Files\Scene</Filter>
    </ClInclude>
    <ClInclude Include="Scene.h">
      <Filter>Source Files\Scene</Filter>
    </ClInclude>
    <ClInclude Include="GameProcessor.h">
      <Filter>Source Files\Main</Filter>
    </ClInclude>
    <ClInclude Include="Enemy.h">
      <Filter>Source Files\GridObject\Implementation</Filter>
    </ClInclude>
    <ClInclude Include="CharacterController.h">
      <Filter>Source Files\Main</Filter>
    </ClInclude>
  </ItemGroup>
  <ItemGroup>
    <ClCompile Include="main.cpp">
      <Filter>Source Files\Main</Filter>
    </ClCompile>
  </ItemGroup>
</Project>