
Microsoft Visual Studio Solution File, Format Version 12.00
# Visual Studio Version 16
VisualStudioVersion = 16.0.30717.126
MinimumVisualStudioVersion = 10.0.40219.1
Project("{8BC9CEB8-8B4A-11D0-8D11-00A0C91BC942}") = "019 inheritance", "019 inheritance\019 inheritance.vcxproj", "{35EADE98-D89B-4D1B-94C9-34F3F657B986}"
EndProject
Global
	GlobalSection(SolutionConfigurationPlatforms) = preSolution
		Debug|x64 = Debug|x64
		Debug|x86 = Debug|x86
		Release|x64 = Release|x64
		Release|x86 = Release|x86
	EndGlobalSection
	GlobalSection(ProjectConfigurationPlatforms) = postSolution
		{35EADE98-D89B-4D1B-94C9-34F3F657B986}.Debug|x64.ActiveCfg = Debug|x64
		{35EADE98-D89B-4D1B-94C9-34F3F657B986}.Debug|x64.Build.0 = Debug|x64
		{35EADE98-D89B-4D1B-94C9-34F3F657B986}.Debug|x86.ActiveCfg = Debug|Win32
		{35EADE98-D89B-4D1B-94C9-34F3F657B986}.Debug|x86.Build.0 = Debug|Win32
		{35EADE98-D89B-4D1B-94C9-34F3F657B986}.Release|x64.ActiveCfg = Release|x64
		{35EADE98-D89B-4D1B-94C9-34F3F657B986}.Release|x64.Build.0 = Release|x64
		{35EADE98-D89B-4D1B-94C9-34F3F657B986}.Release|x86.ActiveCfg = Release|Win32
		{35EADE98-D89B-4D1B-94C9-34F3F657B986}.Release|x86.Build.0 = Release|Win32
	EndGlobalSection
	GlobalSection(SolutionProperties) = preSolution
		HideSolutionNode = FALSE
	EndGlobalSection
	GlobalSection(ExtensibilityGlobals) = postSolution
		SolutionGuid = {1FA4446A-610B-4CE0-99AB-6E8B0B9EE20C}
	EndGlobalSection
EndGlobal
