
Microsoft Visual Studio Solution File, Format Version 12.00
# Visual Studio Version 16
VisualStudioVersion = 16.0.30804.86
MinimumVisualStudioVersion = 10.0.40219.1
Project("{8BC9CEB8-8B4A-11D0-8D11-00A0C91BC942}") = "ace combinations", "ace combinations\ace combinations.vcxproj", "{B0ECD9A6-7F44-44F7-91E2-6E1EDCB0E3A1}"
EndProject
Global
	GlobalSection(SolutionConfigurationPlatforms) = preSolution
		Debug|x64 = Debug|x64
		Debug|x86 = Debug|x86
		Release|x64 = Release|x64
		Release|x86 = Release|x86
	EndGlobalSection
	GlobalSection(ProjectConfigurationPlatforms) = postSolution
		{B0ECD9A6-7F44-44F7-91E2-6E1EDCB0E3A1}.Debug|x64.ActiveCfg = Debug|x64
		{B0ECD9A6-7F44-44F7-91E2-6E1EDCB0E3A1}.Debug|x64.Build.0 = Debug|x64
		{B0ECD9A6-7F44-44F7-91E2-6E1EDCB0E3A1}.Debug|x86.ActiveCfg = Debug|Win32
		{B0ECD9A6-7F44-44F7-91E2-6E1EDCB0E3A1}.Debug|x86.Build.0 = Debug|Win32
		{B0ECD9A6-7F44-44F7-91E2-6E1EDCB0E3A1}.Release|x64.ActiveCfg = Release|x64
		{B0ECD9A6-7F44-44F7-91E2-6E1EDCB0E3A1}.Release|x64.Build.0 = Release|x64
		{B0ECD9A6-7F44-44F7-91E2-6E1EDCB0E3A1}.Release|x86.ActiveCfg = Release|Win32
		{B0ECD9A6-7F44-44F7-91E2-6E1EDCB0E3A1}.Release|x86.Build.0 = Release|Win32
	EndGlobalSection
	GlobalSection(SolutionProperties) = preSolution
		HideSolutionNode = FALSE
	EndGlobalSection
	GlobalSection(ExtensibilityGlobals) = postSolution
		SolutionGuid = {4E62C713-64D7-461F-A238-D1BAA7CF0632}
	EndGlobalSection
EndGlobal
